
Microsoft Visual Studio Solution File, Format Version 12.00
# Visual Studio Version 17
VisualStudioVersion = 17.6.33723.286
MinimumVisualStudioVersion = 10.0.40219.1
Project("{8BC9CEB8-8B4A-11D0-8D11-00A0C91BC942}") = "O-X Game", "O-X Game\O-X Game.vcxproj", "{0E21C834-1D56-482F-87EA-8B507466A0F7}"
EndProject
Global
	GlobalSection(SolutionConfigurationPlatforms) = preSolution
		Debug|x64 = Debug|x64
		Debug|x86 = Debug|x86
		Release|x64 = Release|x64
		Release|x86 = Release|x86
	EndGlobalSection
	GlobalSection(ProjectConfigurationPlatforms) = postSolution
		{0E21C834-1D56-482F-87EA-8B507466A0F7}.Debug|x64.ActiveCfg = Debug|x64
		{0E21C834-1D56-482F-87EA-8B507466A0F7}.Debug|x64.Build.0 = Debug|x64
		{0E21C834-1D56-482F-87EA-8B507466A0F7}.Debug|x86.ActiveCfg = Debug|Win32
		{0E21C834-1D56-482F-87EA-8B507466A0F7}.Debug|x86.Build.0 = Debug|Win32
		{0E21C834-1D56-482F-87EA-8B507466A0F7}.Release|x64.ActiveCfg = Release|x64
		{0E21C834-1D56-482F-87EA-8B507466A0F7}.Release|x64.Build.0 = Release|x64
		{0E21C834-1D56-482F-87EA-8B507466A0F7}.Release|x86.ActiveCfg = Release|Win32
		{0E21C834-1D56-482F-87EA-8B507466A0F7}.Release|x86.Build.0 = Release|Win32
	EndGlobalSection
	GlobalSection(SolutionProperties) = preSolution
		HideSolutionNode = FALSE
	EndGlobalSection
	GlobalSection(ExtensibilityGlobals) = postSolution
		SolutionGuid = {C8063C87-ABA6-4388-BF9F-0ABD91EFA4C6}
	EndGlobalSection
EndGlobal
